// !$*UTF8*$!
{
	archiveVersion = 1;
	classes = {
	};
	objectVersion = 56;
	objects = {

/* Begin PBXBuildFile section */
		ED17D8DA2919274600F2296C /* SecondViewController.swift in Sources */ = {isa = PBXBuildFile; fileRef = ED17D8D92919274600F2296C /* SecondViewController.swift */; };
		ED373D042919478200068F2D /* Models.swift in Sources */ = {isa = PBXBuildFile; fileRef = ED373D032919478200068F2D /* Models.swift */; };
		EDD1D2712916A4A00010891B /* AppDelegate.swift in Sources */ = {isa = PBXBuildFile; fileRef = EDD1D2702916A4A00010891B /* AppDelegate.swift */; };
		EDD1D2732916A4A00010891B /* SceneDelegate.swift in Sources */ = {isa = PBXBuildFile; fileRef = EDD1D2722916A4A00010891B /* SceneDelegate.swift */; };
		EDD1D2752916A4A00010891B /* ViewController.swift in Sources */ = {isa = PBXBuildFile; fileRef = EDD1D2742916A4A00010891B /* ViewController.swift */; };
		EDD1D2782916A4A00010891B /* Main.storyboard in Resources */ = {isa = PBXBuildFile; fileRef = EDD1D2762916A4A00010891B /* Main.storyboard */; };
		EDD1D27A2916A4A20010891B /* Assets.xcassets in Resources */ = {isa = PBXBuildFile; fileRef = EDD1D2792916A4A20010891B /* Assets.xcassets */; };
		EDD1D27D2916A4A20010891B /* LaunchScreen.storyboard in Resources */ = {isa = PBXBuildFile; fileRef = EDD1D27B2916A4A20010891B /* LaunchScreen.storyboard */; };
/* End PBXBuildFile section */

/* Begin PBXFileReference section */
		ED17D8D92919274600F2296C /* SecondViewController.swift */ = {isa = PBXFileReference; lastKnownFileType = sourcecode.swift; path = SecondViewController.swift; sourceTree = "<group>"; };
		ED373D032919478200068F2D /* Models.swift */ = {isa = PBXFileReference; lastKnownFileType = sourcecode.swift; path = Models.swift; sourceTree = "<group>"; };
		EDD1D26D2916A4A00010891B /* BMI Project.app */ = {isa = PBXFileReference; explicitFileType = wrapper.application; includeInIndex = 0; path = "BMI Project.app"; sourceTree = BUILT_PRODUCTS_DIR; };
		EDD1D2702916A4A00010891B /* AppDelegate.swift */ = {isa = PBXFileReference; lastKnownFileType = sourcecode.swift; path = AppDelegate.swift; sourceTree = "<group>"; };
		EDD1D2722916A4A00010891B /* SceneDelegate.swift */ = {isa = PBXFileReference; lastKnownFileType = sourcecode.swift; path = SceneDelegate.swift; sourceTree = "<group>"; };
		EDD1D2742916A4A00010891B /* ViewController.swift */ = {isa = PBXFileReference; lastKnownFileType = sourcecode.swift; path = ViewController.swift; sourceTree = "<group>"; };
		EDD1D2772916A4A00010891B /* Base */ = {isa = PBXFileReference; lastKnownFileType = file.storyboard; name = Base; path = Base.lproj/Main.storyboard; sourceTree = "<group>"; };
		EDD1D2792916A4A20010891B /* Assets.xcassets */ = {isa = PBXFileReference; lastKnownFileType = folder.assetcatalog; path = Assets.xcassets; sourceTree = "<group>"; };
		EDD1D27C2916A4A20010891B /* Base */ = {isa = PBXFileReference; lastKnownFileType = file.storyboard; name = Base; path = Base.lproj/LaunchScreen.storyboard; sourceTree = "<group>"; };
		EDD1D27E2916A4A20010891B /* Info.plist */ = {isa = PBXFileReference; lastKnownFileType = text.plist.xml; path = Info.plist; sourceTree = "<group>"; };
/* End PBXFileReference section */

/* Begin PBXFrameworksBuildPhase section */
		EDD1D26A2916A4A00010891B /* Frameworks */ = {
			isa = PBXFrameworksBuildPhase;
			buildActionMask = 2147483647;
			files = (
			);
			runOnlyForDeploymentPostprocessing = 0;
		};
/* End PBXFrameworksBuildPhase section */

/* Begin PBXGroup section */
		ED373D022919476C00068F2D /* Models */ = {
			isa = PBXGroup;
			children = (
				ED373D032919478200068F2D /* Models.swift */,
			);
			path = Models;
			sourceTree = "<group>";
		};
		EDD1D2642916A4A00010891B = {
			isa = PBXGroup;
			children = (
				EDD1D26F2916A4A00010891B /* BMI Project */,
				EDD1D26E2916A4A00010891B /* Products */,
			);
			sourceTree = "<group>";
		};
		EDD1D26E2916A4A00010891B /* Products */ = {
			isa = PBXGroup;
			children = (
				EDD1D26D2916A4A00010891B /* BMI Project.app */,
			);
			name = Products;
			sourceTree = "<group>";
		};
		EDD1D26F2916A4A00010891B /* BMI Project */ = {
			isa = PBXGroup;
			children = (
				EDD1D2702916A4A00010891B /* AppDelegate.swift */,
				EDD1D2722916A4A00010891B /* SceneDelegate.swift */,
				EDD1D2862916B4000010891B /* Controller */,
				EDD1D2852916B3AC0010891B /* View */,
				EDD1D2792916A4A20010891B /* Assets.xcassets */,
				ED373D022919476C00068F2D /* Models */,
				EDD1D27B2916A4A20010891B /* LaunchScreen.storyboard */,
				EDD1D27E2916A4A20010891B /* Info.plist */,
			);
			path = "BMI Project";
			sourceTree = "<group>";
		};
		EDD1D2842916B3A50010891B /* Controller */ = {
			isa = PBXGroup;
			children = (
				EDD1D2742916A4A00010891B /* ViewController.swift */,
				ED17D8D92919274600F2296C /* SecondViewController.swift */,
			);
			path = Controller;
			sourceTree = "<group>";
		};
		EDD1D2852916B3AC0010891B /* View */ = {
			isa = PBXGroup;
			children = (
				EDD1D2762916A4A00010891B /* Main.storyboard */,
			);
			path = View;
			sourceTree = "<group>";
		};
		EDD1D2862916B4000010891B /* Controller */ = {
			isa = PBXGroup;
			children = (
				EDD1D2842916B3A50010891B /* Controller */,
			);
			path = Controller;
			sourceTree = "<group>";
		};
/* End PBXGroup section */

/* Begin PBXNativeTarget section */
		EDD1D26C2916A4A00010891B /* BMI Project */ = {
			isa = PBXNativeTarget;
			buildConfigurationList = EDD1D2812916A4A20010891B /* Build configuration list for PBXNativeTarget "BMI Project" */;
			buildPhases = (
				EDD1D2692916A4A00010891B /* Sources */,
				EDD1D26A2916A4A00010891B /* Frameworks */,
				EDD1D26B2916A4A00010891B /* Resources */,
			);
			buildRules = (
			);
			dependencies = (
			);
			name = "BMI Project";
			productName = "BMI Project";
			productReference = EDD1D26D2916A4A00010891B /* BMI Project.app */;
			productType = "com.apple.product-type.application";
		};
/* End PBXNativeTarget section */

/* Begin PBXProject section */
		EDD1D2652916A4A00010891B /* Project object */ = {
			isa = PBXProject;
			attributes = {
				BuildIndependentTargetsInParallel = 1;
				LastSwiftUpdateCheck = 1400;
				LastUpgradeCheck = 1400;
				TargetAttributes = {
					EDD1D26C2916A4A00010891B = {
						CreatedOnToolsVersion = 14.0.1;
					};
				};
			};
			buildConfigurationList = EDD1D2682916A4A00010891B /* Build configuration list for PBXProject "BMI Project" */;
			compatibilityVersion = "Xcode 14.0";
			developmentRegion = en;
			hasScannedForEncodings = 0;
			knownRegions = (
				en,
				Base,
			);
			mainGroup = EDD1D2642916A4A00010891B;
			productRefGroup = EDD1D26E2916A4A00010891B /* Products */;
			projectDirPath = "";
			projectRoot = "";
			targets = (
				EDD1D26C2916A4A00010891B /* BMI Project */,
			);
		};
/* End PBXProject section */

/* Begin PBXResourcesBuildPhase section */
		EDD1D26B2916A4A00010891B /* Resources */ = {
			isa = PBXResourcesBuildPhase;
			buildActionMask = 2147483647;
			files = (
				EDD1D27D2916A4A20010891B /* LaunchScreen.storyboard in Resources */,
				EDD1D27A2916A4A20010891B /* Assets.xcassets in Resources */,
				EDD1D2782916A4A00010891B /* Main.storyboard in Resources */,
			);
			runOnlyForDeploymentPostprocessing = 0;
		};
/* End PBXResourcesBuildPhase section */

/* Begin PBXSourcesBuildPhase section */
		EDD1D2692916A4A00010891B /* Sources */ = {
			isa = PBXSourcesBuildPhase;
			buildActionMask = 2147483647;
			files = (
				ED17D8DA2919274600F2296C /* SecondViewController.swift in Sources */,
				EDD1D2752916A4A00010891B /* ViewController.swift in Sources */,
				EDD1D2712916A4A00010891B /* AppDelegate.swift in Sources */,
				EDD1D2732916A4A00010891B /* SceneDelegate.swift in Sources */,
				ED373D042919478200068F2D /* Models.swift in Sources */,
			);
			runOnlyForDeploymentPostprocessing = 0;
		};
/* End PBXSourcesBuildPhase section */

/* Begin PBXVariantGroup section */
		EDD1D2762916A4A00010891B /* Main.storyboard */ = {
			isa = PBXVariantGroup;
			children = (
				EDD1D2772916A4A00010891B /* Base */,
			);
			name = Main.storyboard;
			sourceTree = "<group>";
		};
		EDD1D27B2916A4A20010891B /* LaunchScreen.storyboard */ = {
			isa = PBXVariantGroup;
			children = (
				EDD1D27C2916A4A20010891B /* Base */,
			);
			name = LaunchScreen.storyboard;
			sourceTree = "<group>";
		};
/* End PBXVariantGroup section */

/* Begin XCBuildConfiguration section */
		EDD1D27F2916A4A20010891B /* Debug */ = {
			isa = XCBuildConfiguration;
			buildSettings = {
				ALWAYS_SEARCH_USER_PATHS = NO;
				CLANG_ANALYZER_NONNULL = YES;
				CLANG_ANALYZER_NUMBER_OBJECT_CONVERSION = YES_AGGRESSIVE;
				CLANG_CXX_LANGUAGE_STANDARD = "gnu++20";
				CLANG_ENABLE_MODULES = YES;
				CLANG_ENABLE_OBJC_ARC = YES;
				CLANG_ENABLE_OBJC_WEAK = YES;
				CLANG_WARN_BLOCK_CAPTURE_AUTORELEASING = YES;
				CLANG_WARN_BOOL_CONVERSION = YES;
				CLANG_WARN_COMMA = YES;
				CLANG_WARN_CONSTANT_CONVERSION = YES;
				CLANG_WARN_DEPRECATED_OBJC_IMPLEMENTATIONS = YES;
				CLANG_WARN_DIRECT_OBJC_ISA_USAGE = YES_ERROR;
				CLANG_WARN_DOCUMENTATION_COMMENTS = YES;
				CLANG_WARN_EMPTY_BODY = YES;
				CLANG_WARN_ENUM_CONVERSION = YES;
				CLANG_WARN_INFINITE_RECURSION = YES;
				CLANG_WARN_INT_CONVERSION = YES;
				CLANG_WARN_NON_LITERAL_NULL_CONVERSION = YES;
				CLANG_WARN_OBJC_IMPLICIT_RETAIN_SELF = YES;
				CLANG_WARN_OBJC_LITERAL_CONVERSION = YES;
				CLANG_WARN_OBJC_ROOT_CLASS = YES_ERROR;
				CLANG_WARN_QUOTED_INCLUDE_IN_FRAMEWORK_HEADER = YES;
				CLANG_WARN_RANGE_LOOP_ANALYSIS = YES;
				CLANG_WARN_STRICT_PROTOTYPES = YES;
				CLANG_WARN_SUSPICIOUS_MOVE = YES;
				CLANG_WARN_UNGUARDED_AVAILABILITY = YES_AGGRESSIVE;
				CLANG_WARN_UNREACHABLE_CODE = YES;
				CLANG_WARN__DUPLICATE_METHOD_MATCH = YES;
				COPY_PHASE_STRIP = NO;
				DEBUG_INFORMATION_FORMAT = dwarf;
				ENABLE_STRICT_OBJC_MSGSEND = YES;
				ENABLE_TESTABILITY = YES;
				GCC_C_LANGUAGE_STANDARD = gnu11;
				GCC_DYNAMIC_NO_PIC = NO;
				GCC_NO_COMMON_BLOCKS = YES;
				GCC_OPTIMIZATION_LEVEL = 0;
				GCC_PREPROCESSOR_DEFINITIONS = (
					"DEBUG=1",
					"$(inherited)",
				);
				GCC_WARN_64_TO_32_BIT_CONVERSION = YES;
				GCC_WARN_ABOUT_RETURN_TYPE = YES_ERROR;
				GCC_WARN_UNDECLARED_SELECTOR = YES;
				GCC_WARN_UNINITIALIZED_AUTOS = YES_AGGRESSIVE;
				GCC_WARN_UNUSED_FUNCTION = YES;
				GCC_WARN_UNUSED_VARIABLE = YES;
				IPHONEOS_DEPLOYMENT_TARGET = 16.0;
				MTL_ENABLE_DEBUG_INFO = INCLUDE_SOURCE;
				MTL_FAST_MATH = YES;
				ONLY_ACTIVE_ARCH = YES;
				SDKROOT = iphoneos;
				SWIFT_ACTIVE_COMPILATION_CONDITIONS = DEBUG;
				SWIFT_OPTIMIZATION_LEVEL = "-Onone";
			};
			name = Debug;
		};
		EDD1D2802916A4A20010891B /* Release */ = {
			isa = XCBuildConfiguration;
			buildSettings = {
				ALWAYS_SEARCH_USER_PATHS = NO;
				CLANG_ANALYZER_NONNULL = YES;
				CLANG_ANALYZER_NUMBER_OBJECT_CONVERSION = YES_AGGRESSIVE;
				CLANG_CXX_LANGUAGE_STANDARD = "gnu++20";
				CLANG_ENABLE_MODULES = YES;
				CLANG_ENABLE_OBJC_ARC = YES;
				CLANG_ENABLE_OBJC_WEAK = YES;
				CLANG_WARN_BLOCK_CAPTURE_AUTORELEASING = YES;
				CLANG_WARN_BOOL_CONVERSION = YES;
				CLANG_WARN_COMMA = YES;
				CLANG_WARN_CONSTANT_CONVERSION = YES;
				CLANG_WARN_DEPRECATED_OBJC_IMPLEMENTATIONS = YES;
				CLANG_WARN_DIRECT_OBJC_ISA_USAGE = YES_ERROR;
				CLANG_WARN_DOCUMENTATION_COMMENTS = YES;
				CLANG_WARN_EMPTY_BODY = YES;
				CLANG_WARN_ENUM_CONVERSION = YES;
				CLANG_WARN_INFINITE_RECURSION = YES;
				CLANG_WARN_INT_CONVERSION = YES;
				CLANG_WARN_NON_LITERAL_NULL_CONVERSION = YES;
				CLANG_WARN_OBJC_IMPLICIT_RETAIN_SELF = YES;
				CLANG_WARN_OBJC_LITERAL_CONVERSION = YES;
				CLANG_WARN_OBJC_ROOT_CLASS = YES_ERROR;
				CLANG_WARN_QUOTED_INCLUDE_IN_FRAMEWORK_HEADER = YES;
				CLANG_WARN_RANGE_LOOP_ANALYSIS = YES;
				CLANG_WARN_STRICT_PROTOTYPES = YES;
				CLANG_WARN_SUSPICIOUS_MOVE = YES;
				CLANG_WARN_UNGUARDED_AVAILABILITY = YES_AGGRESSIVE;
				CLANG_WARN_UNREACHABLE_CODE = YES;
				CLANG_WARN__DUPLICATE_METHOD_MATCH = YES;
				COPY_PHASE_STRIP = NO;
				DEBUG_INFORMATION_FORMAT = "dwarf-with-dsym";
				ENABLE_NS_ASSERTIONS = NO;
				ENABLE_STRICT_OBJC_MSGSEND = YES;
				GCC_C_LANGUAGE_STANDARD = gnu11;
				GCC_NO_COMMON_BLOCKS = YES;
				GCC_WARN_64_TO_32_BIT_CONVERSION = YES;
				GCC_WARN_ABOUT_RETURN_TYPE = YES_ERROR;
				GCC_WARN_UNDECLARED_SELECTOR = YES;
				GCC_WARN_UNINITIALIZED_AUTOS = YES_AGGRESSIVE;
				GCC_WARN_UNUSED_FUNCTION = YES;
				GCC_WARN_UNUSED_VARIABLE = YES;
				IPHONEOS_DEPLOYMENT_TARGET = 16.0;
				MTL_ENABLE_DEBUG_INFO = NO;
				MTL_FAST_MATH = YES;
				SDKROOT = iphoneos;
				SWIFT_COMPILATION_MODE = wholemodule;
				SWIFT_OPTIMIZATION_LEVEL = "-O";
				VALIDATE_PRODUCT = YES;
			};
			name = Release;
		};
		EDD1D2822916A4A20010891B /* Debug */ = {
			isa = XCBuildConfiguration;
			buildSettings = {
				ASSETCATALOG_COMPILER_APPICON_NAME = AppIcon;
				ASSETCATALOG_COMPILER_GLOBAL_ACCENT_COLOR_NAME = AccentColor;
				CODE_SIGN_STYLE = Automatic;
				CURRENT_PROJECT_VERSION = 1;
				GENERATE_INFOPLIST_FILE = YES;
				INFOPLIST_FILE = "BMI Project/Info.plist";
				INFOPLIST_KEY_UIApplicationSupportsIndirectInputEvents = YES;
				INFOPLIST_KEY_UILaunchStoryboardName = LaunchScreen;
				INFOPLIST_KEY_UIMainStoryboardFile = Main;
				INFOPLIST_KEY_UISupportedInterfaceOrientations_iPad = "UIInterfaceOrientationPortrait UIInterfaceOrientationPortraitUpsideDown UIInterfaceOrientationLandscapeLeft UIInterfaceOrientationLandscapeRight";
				INFOPLIST_KEY_UISupportedInterfaceOrientations_iPhone = "UIInterfaceOrientationPortrait UIInterfaceOrientationLandscapeLeft UIInterfaceOrientationLandscapeRight";
				LD_RUNPATH_SEARCH_PATHS = (
					"$(inherited)",
					"@executable_path/Frameworks",
				);
				MARKETING_VERSION = 1.0;
				PRODUCT_BUNDLE_IDENTIFIER = "com.msnbek.BMI-Project";
				PRODUCT_NAME = "$(TARGET_NAME)";
				SWIFT_EMIT_LOC_STRINGS = YES;
				SWIFT_VERSION = 5.0;
				TARGETED_DEVICE_FAMILY = "1,2";
			};
			name = Debug;
		};
		EDD1D2832916A4A20010891B /* Release */ = {
			isa = XCBuildConfiguration;
			buildSettings = {
				ASSETCATALOG_COMPILER_APPICON_NAME = AppIcon;
				ASSETCATALOG_COMPILER_GLOBAL_ACCENT_COLOR_NAME = AccentColor;
				CODE_SIGN_STYLE = Automatic;
				CURRENT_PROJECT_VERSION = 1;
				GENERATE_INFOPLIST_FILE = YES;
				INFOPLIST_FILE = "BMI Project/Info.plist";
				INFOPLIST_KEY_UIApplicationSupportsIndirectInputEvents = YES;
				INFOPLIST_KEY_UILaunchStoryboardName = LaunchScreen;
				INFOPLIST_KEY_UIMainStoryboardFile = Main;
				INFOPLIST_KEY_UISupportedInterfaceOrientations_iPad = "UIInterfaceOrientationPortrait UIInterfaceOrientationPortraitUpsideDown UIInterfaceOrientationLandscapeLeft UIInterfaceOrientationLandscapeRight";
				INFOPLIST_KEY_UISupportedInterfaceOrientations_iPhone = "UIInterfaceOrientationPortrait UIInterfaceOrientationLandscapeLeft UIInterfaceOrientationLandscapeRight";
				LD_RUNPATH_SEARCH_PATHS = (
					"$(inherited)",
					"@executable_path/Frameworks",
				);
				MARKETING_VERSION = 1.0;
				PRODUCT_BUNDLE_IDENTIFIER = "com.msnbek.BMI-Project";
				PRODUCT_NAME = "$(TARGET_NAME)";
				SWIFT_EMIT_LOC_STRINGS = YES;
				SWIFT_VERSION = 5.0;
				TARGETED_DEVICE_FAMILY = "1,2";
			};
			name = Release;
		};
/* End XCBuildConfiguration section */

/* Begin XCConfigurationList section */
		EDD1D2682916A4A00010891B /* Build configuration list for PBXProject "BMI Project" */ = {
			isa = XCConfigurationList;
			buildConfigurations = (
				EDD1D27F2916A4A20010891B /* Debug */,
				EDD1D2802916A4A20010891B /* Release */,
			);
			defaultConfigurationIsVisible = 0;
			defaultConfigurationName = Release;
		};
		EDD1D2812916A4A20010891B /* Build configuration list for PBXNativeTarget "BMI Project" */ = {
			isa = XCConfigurationList;
			buildConfigurations = (
				EDD1D2822916A4A20010891B /* Debug */,
				EDD1D2832916A4A20010891B /* Release */,
			);
			defaultConfigurationIsVisible = 0;
			defaultConfigurationName = Release;
		};
/* End XCConfigurationList section */
	};
	rootObject = EDD1D2652916A4A00010891B /* Project object */;
}
